
Microsoft Visual Studio Solution File, Format Version 12.00
# Visual Studio Version 16
VisualStudioVersion = 16.0.29326.143
MinimumVisualStudioVersion = 10.0.40219.1
Project("{8BC9CEB8-8B4A-11D0-8D11-00A0C91BC942}") = "ClientC", "ClientC\ClientC.vcxproj", "{03C496D3-5C13-4515-A53B-AD8AE6E20DAA}"
EndProject
Global
	GlobalSection(SolutionConfigurationPlatforms) = preSolution
		Debug|x64 = Debug|x64
		Debug|x86 = Debug|x86
		Release|x64 = Release|x64
		Release|x86 = Release|x86
	EndGlobalSection
	GlobalSection(ProjectConfigurationPlatforms) = postSolution
		{03C496D3-5C13-4515-A53B-AD8AE6E20DAA}.Debug|x64.ActiveCfg = Debug|x64
		{03C496D3-5C13-4515-A53B-AD8AE6E20DAA}.Debug|x64.Build.0 = Debug|x64
		{03C496D3-5C13-4515-A53B-AD8AE6E20DAA}.Debug|x86.ActiveCfg = Debug|Win32
		{03C496D3-5C13-4515-A53B-AD8AE6E20DAA}.Debug|x86.Build.0 = Debug|Win32
		{03C496D3-5C13-4515-A53B-AD8AE6E20DAA}.Release|x64.ActiveCfg = Release|x64
		{03C496D3-5C13-4515-A53B-AD8AE6E20DAA}.Release|x64.Build.0 = Release|x64
		{03C496D3-5C13-4515-A53B-AD8AE6E20DAA}.Release|x86.ActiveCfg = Release|Win32
		{03C496D3-5C13-4515-A53B-AD8AE6E20DAA}.Release|x86.Build.0 = Release|Win32
	EndGlobalSection
	GlobalSection(SolutionProperties) = preSolution
		HideSolutionNode = FALSE
	EndGlobalSection
	GlobalSection(ExtensibilityGlobals) = postSolution
		SolutionGuid = {9B555953-BB0B-4665-8C31-6D5C4BFEB2CB}
	EndGlobalSection
EndGlobal
